# This file is autogenerated, do not edit; changes may be undone by the next 'dep ensure'.


[[projects]]
  branch = "master"
  name = "github.com/jinzhu/inflection"
  packages = ["."]
  revision = "1c35d901db3da928c72a72d8458480cc9ade058f"

[solve-meta]
  analyzer-name = "dep"
  analyzer-version = 1
  inputs-digest = "e58da422a165f5e98420077e66c9b3cbe8f8f34c70ef149dbad7a4df4a9156c5"
  solver-name = "gps-cdcl"
  solver-version = 1
